{
  "nodes": {
    "nixpkgs": {
      "locked": {
        "lastModified": 1784007870,
        "narHash": "sha256-G9I5EeMhwLckqD5QLgowA6hNBaOjG9CeYIzfSz4gZ6k=",
        "rev": "18b9261cb3294b6d2a06d03f96872827b8fe2698",
        "type": "tarball",
        "url": "https://releases.nixos.org/nixos/unstable/nixos-26.11pre1034379.18b9261cb329/nixexprs.tar.xz"
      },
      "original": {
        "type": "tarball",
        "url": "https://channels.nixos.org/nixos-unstable/nixexprs.tar.xz"
      }
    },
    "root": {
      "inputs": {
        "nixpkgs": "nixpkgs"
      }
    }
  },
  "root": "root",
  "version": 7
}
