{
  "nodes": {
    "flake-parts": {
      "inputs": {
        "nixpkgs-lib": [
          "nixos-unstable-small"
        ]
      },
      "locked": {
        "lastModified": 1726153070,
        "narHash": "sha256-HO4zgY0ekfwO5bX0QH/3kJ/h4KvUDFZg8YpkNwIbg1U=",
        "owner": "hercules-ci",
        "repo": "flake-parts",
        "rev": "bcef6817a8b2aa20a5a6dbb19b43e63c5bf8619a",
        "type": "github"
      },
      "original": {
        "owner": "hercules-ci",
        "repo": "flake-parts",
        "type": "github"
      }
    },
    "nixos-hardware": {
      "locked": {
        "lastModified": 1726724509,
        "narHash": "sha256-sVeAM1tgVi52S1e29fFBTPUAFSzgQwgLon3CrztXGm8=",
        "owner": "NixOS",
        "repo": "nixos-hardware",
        "rev": "10d5e0ecc32984c1bf1a9a46586be3451c42fd94",
        "type": "github"
      },
      "original": {
        "owner": "NixOS",
        "repo": "nixos-hardware",
        "type": "github"
      }
    },
    "nixos-stable": {
      "locked": {
        "lastModified": 1726688310,
        "narHash": "sha256-Xc9lEtentPCEtxc/F1e6jIZsd4MPDYv4Kugl9WtXlz0=",
        "owner": "NixOS",
        "repo": "nixpkgs",
        "rev": "dbebdd67a6006bb145d98c8debf9140ac7e651d0",
        "type": "github"
      },
      "original": {
        "owner": "NixOS",
        "ref": "nixos-24.05",
        "repo": "nixpkgs",
        "type": "github"
      }
    },
    "nixos-unstable-small": {
      "locked": {
        "lastModified": 1726885390,
        "narHash": "sha256-NPoqPAA2z9o/Syyx4M4v3/e6ROkK21enXx4+29Q45uc=",
        "owner": "NixOS",
        "repo": "nixpkgs",
        "rev": "f7bfe794a79c69c01f2dce20fb7b287ae98a96eb",
        "type": "github"
      },
      "original": {
        "owner": "NixOS",
        "ref": "nixos-unstable-small",
        "repo": "nixpkgs",
        "type": "github"
      }
    },
    "root": {
      "inputs": {
        "flake-parts": "flake-parts",
        "nixos-hardware": "nixos-hardware",
        "nixos-stable": "nixos-stable",
        "nixos-unstable-small": "nixos-unstable-small"
      }
    }
  },
  "root": "root",
  "version": 7
}
