{
  "nodes": {
    "nixos-stable": {
      "locked": {
        "lastModified": 1784011430,
        "narHash": "sha256-LX2eBS9gFbXL5xUNBwp5mZ0tjnNvgiXoDnhz3ee1LzY=",
        "rev": "8eeec934ae0dbeca3d7868c059568a65c08b2fc3",
        "type": "tarball",
        "url": "https://releases.nixos.org/nixos/26.05/nixos-26.05.4937.8eeec934ae0d/nixexprs.tar.xz"
      },
      "original": {
        "type": "tarball",
        "url": "https://channels.nixos.org/nixos-26.05/nixexprs.tar.xz"
      }
    },
    "nixos-unstable-small": {
      "locked": {
        "lastModified": 1785960260,
        "narHash": "sha256-wMf5N3UoHT3MTvh0bgX90Sxfh/OM1ZOoveJLv4UCFXs=",
        "rev": "53cf03961f615308d49a94b1884123f7ff6d368c",
        "type": "tarball",
        "url": "https://releases.nixos.org/nixos/unstable-small/nixos-26.11pre1048565.53cf03961f61/nixexprs.tar.xz"
      },
      "original": {
        "type": "tarball",
        "url": "https://channels.nixos.org/nixos-unstable-small/nixexprs.tar.xz"
      }
    },
    "root": {
      "inputs": {
        "nixos-stable": "nixos-stable",
        "nixos-unstable-small": "nixos-unstable-small",
        "treefmt-nix": "treefmt-nix"
      }
    },
    "treefmt-nix": {
      "inputs": {
        "nixpkgs": [
          "nixos-unstable-small"
        ]
      },
      "locked": {
        "lastModified": 1780220602,
        "narHash": "sha256-eynAfOmbmxJnkp7YewvCEbShNnnYJ9gLLqkzsYtBPeM=",
        "owner": "numtide",
        "repo": "treefmt-nix",
        "rev": "db947814a175b7ca6ded66e21383d938df01c227",
        "type": "github"
      },
      "original": {
        "owner": "numtide",
        "repo": "treefmt-nix",
        "type": "github"
      }
    }
  },
  "root": "root",
  "version": 7
}
