{
  "nodes": {
    "flake-parts": {
      "inputs": {
        "nixpkgs-lib": [
          "nixos-unstable-small"
        ]
      },
      "locked": {
        "lastModified": 1725234343,
        "narHash": "sha256-+ebgonl3NbiKD2UD0x4BszCZQ6sTfL4xioaM49o5B3Y=",
        "owner": "hercules-ci",
        "repo": "flake-parts",
        "rev": "567b938d64d4b4112ee253b9274472dc3a346eb6",
        "type": "github"
      },
      "original": {
        "owner": "hercules-ci",
        "repo": "flake-parts",
        "type": "github"
      }
    },
    "nixos-hardware": {
      "locked": {
        "lastModified": 1725384549,
        "narHash": "sha256-A9TMja7Ly70BOGcbcqJ0EUusQSFEQaKbrHJxNXfSFYY=",
        "owner": "NixOS",
        "repo": "nixos-hardware",
        "rev": "366ddc33ff1b93d95ef3809d12ce0fba74c8d316",
        "type": "github"
      },
      "original": {
        "owner": "NixOS",
        "repo": "nixos-hardware",
        "type": "github"
      }
    },
    "nixos-stable": {
      "locked": {
        "lastModified": 1725001927,
        "narHash": "sha256-eV+63gK0Mp7ygCR0Oy4yIYSNcum2VQwnZamHxYTNi+M=",
        "owner": "NixOS",
        "repo": "nixpkgs",
        "rev": "6e99f2a27d600612004fbd2c3282d614bfee6421",
        "type": "github"
      },
      "original": {
        "owner": "NixOS",
        "ref": "nixos-24.05",
        "repo": "nixpkgs",
        "type": "github"
      }
    },
    "nixos-unstable-small": {
      "locked": {
        "lastModified": 1725361206,
        "narHash": "sha256-/HTUg+kMaqBPGrcQBYboAMsQHIWIkuKRDldss/035Hc=",
        "owner": "NixOS",
        "repo": "nixpkgs",
        "rev": "2830c7c930311397d94c0b86a359c865c081c875",
        "type": "github"
      },
      "original": {
        "owner": "NixOS",
        "ref": "nixos-unstable-small",
        "repo": "nixpkgs",
        "type": "github"
      }
    },
    "root": {
      "inputs": {
        "flake-parts": "flake-parts",
        "nixos-hardware": "nixos-hardware",
        "nixos-stable": "nixos-stable",
        "nixos-unstable-small": "nixos-unstable-small"
      }
    }
  },
  "root": "root",
  "version": 7
}
